
Microsoft Visual Studio Solution File, Format Version 12.00
# Visual Studio 2013
VisualStudioVersion = 12.0.40629.0
MinimumVisualStudioVersion = 10.0.40219.1
Project("{FAE04EC0-301F-11D3-BF4B-00C04F79EFBC}") = "DetectEncoding", "DetectEncoding\DetectEncoding.csproj", "{82D05B7B-F006-4142-9E32-EBBB67D04875}"
	ProjectSection(ProjectDependencies) = postProject
		{E7DED023-F57F-4715-BC8D-752B60B6A203} = {E7DED023-F57F-4715-BC8D-752B60B6A203}
	EndProjectSection
EndProject
Project("{FAE04EC0-301F-11D3-BF4B-00C04F79EFBC}") = "TextEncodingDetect", "E:\CSharp\Projects\Ext\text-encoding-detect\TextEncodingDetect-C#\TextEncodingDetect\TextEncodingDetect.csproj", "{9E3C3CE1-23DD-4A1B-B927-92D6BE3011A2}"
EndProject
Project("{FAE04EC0-301F-11D3-BF4B-00C04F79EFBC}") = "AryxDevLibrary", "..\..\AryxDevLibrary\AryxDevLibrary.csproj", "{E7DED023-F57F-4715-BC8D-752B60B6A203}"
EndProject
Global
	GlobalSection(SolutionConfigurationPlatforms) = preSolution
		Debug|Any CPU = Debug|Any CPU
		Release|Any CPU = Release|Any CPU
	EndGlobalSection
	GlobalSection(ProjectConfigurationPlatforms) = postSolution
		{82D05B7B-F006-4142-9E32-EBBB67D04875}.Debug|Any CPU.ActiveCfg = Debug|Any CPU
		{82D05B7B-F006-4142-9E32-EBBB67D04875}.Debug|Any CPU.Build.0 = Debug|Any CPU
		{82D05B7B-F006-4142-9E32-EBBB67D04875}.Release|Any CPU.ActiveCfg = Release|Any CPU
		{82D05B7B-F006-4142-9E32-EBBB67D04875}.Release|Any CPU.Build.0 = Release|Any CPU
		{9E3C3CE1-23DD-4A1B-B927-92D6BE3011A2}.Debug|Any CPU.ActiveCfg = Debug|Any CPU
		{9E3C3CE1-23DD-4A1B-B927-92D6BE3011A2}.Debug|Any CPU.Build.0 = Debug|Any CPU
		{9E3C3CE1-23DD-4A1B-B927-92D6BE3011A2}.Release|Any CPU.ActiveCfg = Release|Any CPU
		{9E3C3CE1-23DD-4A1B-B927-92D6BE3011A2}.Release|Any CPU.Build.0 = Release|Any CPU
		{E7DED023-F57F-4715-BC8D-752B60B6A203}.Debug|Any CPU.ActiveCfg = Debug|Any CPU
		{E7DED023-F57F-4715-BC8D-752B60B6A203}.Debug|Any CPU.Build.0 = Debug|Any CPU
		{E7DED023-F57F-4715-BC8D-752B60B6A203}.Release|Any CPU.ActiveCfg = Release|Any CPU
		{E7DED023-F57F-4715-BC8D-752B60B6A203}.Release|Any CPU.Build.0 = Release|Any CPU
	EndGlobalSection
	GlobalSection(SolutionProperties) = preSolution
		HideSolutionNode = FALSE
	EndGlobalSection
EndGlobal
